---
lockfile_version: 1
depends:
- name: inspec-aws
  resolved_source:
    url: https://github.com/inspec/inspec-aws/archive/main.tar.gz
    sha256: 320aa0f4231ff47bda2444a6e94d1dcd47f78b883791395dc0a4c25c475c09ec
  version_constraints: []
- name: inspec-k8s
  resolved_source:
    url: https://github.com/inspec/inspec-k8s/archive/main.tar.gz
    sha256: 11e10132eb6c2ce83fe12cdd79cfc6c0e72b8968cc957b8a6a1f0cbbf931f99f
  version_constraints: []
